
Microsoft Visual Studio Solution File, Format Version 12.00
# Visual Studio Version 17
VisualStudioVersion = 17.11.35327.3
MinimumVisualStudioVersion = 10.0.40219.1
Project("{888888A0-9F3D-457C-B088-3A5042F75D52}") = "HardnessCalculation", "HardnessCalculation.pyproj", "{70E4D46D-BF9C-489A-8122-D0C5E38D0C29}"
EndProject
Global
	GlobalSection(SolutionConfigurationPlatforms) = preSolution
		Debug|Any CPU = Debug|Any CPU
		Release|Any CPU = Release|Any CPU
	EndGlobalSection
	GlobalSection(ProjectConfigurationPlatforms) = postSolution
		{70E4D46D-BF9C-489A-8122-D0C5E38D0C29}.Debug|Any CPU.ActiveCfg = Debug|Any CPU
		{70E4D46D-BF9C-489A-8122-D0C5E38D0C29}.Release|Any CPU.ActiveCfg = Release|Any CPU
	EndGlobalSection
	GlobalSection(SolutionProperties) = preSolution
		HideSolutionNode = FALSE
	EndGlobalSection
	GlobalSection(ExtensibilityGlobals) = postSolution
		SolutionGuid = {47BA93CE-89E0-48D1-B372-636F0974CD5B}
	EndGlobalSection
EndGlobal
